
Microsoft Visual Studio Solution File, Format Version 12.00
# Visual Studio 14
VisualStudioVersion = 14.0.25420.1
MinimumVisualStudioVersion = 10.0.40219.1
Project("{D954291E-2A0B-460D-934E-DC6B0785DB48}") = "SimplePalette", "AppButton\AppButton\SimplePalette.shproj", "{BB9297EC-A624-4556-8FB8-0F81BA6486C2}"
EndProject
Project("{FAE04EC0-301F-11D3-BF4B-00C04F79EFBC}") = "SimplePalette.Droid", "AppButton\AppButton.Droid\SimplePalette.Droid.csproj", "{34162889-D7EE-4BBA-9605-55DCEF86FDA4}"
EndProject
Project("{FAE04EC0-301F-11D3-BF4B-00C04F79EFBC}") = "SimplePalette.iOS", "AppButton\AppButton.iOS\SimplePalette.iOS.csproj", "{57E57DCF-82D9-4EED-8363-EB7A34A26C48}"
EndProject
Project("{FAE04EC0-301F-11D3-BF4B-00C04F79EFBC}") = "SimplePalette.WinPhone", "AppButton\AppButton.WinPhone\SimplePalette.WinPhone.csproj", "{69468CBC-1E2C-4B63-8E43-F41BF9FAAC9D}"
EndProject
Project("{FAE04EC0-301F-11D3-BF4B-00C04F79EFBC}") = "SimplePalette.UWP", "AppButton\AppButton.UWP\SimplePalette.UWP.csproj", "{AA051530-4E1B-4461-B9D3-CA1CE180F7AD}"
EndProject
Project("{FAE04EC0-301F-11D3-BF4B-00C04F79EFBC}") = "SimplePalette.Windows", "AppButton\AppButton.Windows\SimplePalette.Windows.csproj", "{43BD3960-D286-48E4-B458-C74EBC506600}"
EndProject
Global
	GlobalSection(SharedMSBuildProjectFiles) = preSolution
		AppButton\AppButton\AppButton.projitems*{34162889-d7ee-4bba-9605-55dcef86fda4}*SharedItemsImports = 4
		AppButton\AppButton\AppButton.projitems*{43bd3960-d286-48e4-b458-c74ebc506600}*SharedItemsImports = 4
		AppButton\AppButton\AppButton.projitems*{57e57dcf-82d9-4eed-8363-eb7a34a26c48}*SharedItemsImports = 4
		AppButton\AppButton\AppButton.projitems*{69468cbc-1e2c-4b63-8e43-f41bf9faac9d}*SharedItemsImports = 4
		AppButton\AppButton\AppButton.projitems*{aa051530-4e1b-4461-b9d3-ca1ce180f7ad}*SharedItemsImports = 4
		AppButton\AppButton\AppButton.projitems*{bb9297ec-a624-4556-8fb8-0f81ba6486c2}*SharedItemsImports = 13
	EndGlobalSection
	GlobalSection(SolutionConfigurationPlatforms) = preSolution
		Ad-Hoc|Any CPU = Ad-Hoc|Any CPU
		Ad-Hoc|ARM = Ad-Hoc|ARM
		Ad-Hoc|iPhone = Ad-Hoc|iPhone
		Ad-Hoc|iPhoneSimulator = Ad-Hoc|iPhoneSimulator
		Ad-Hoc|x64 = Ad-Hoc|x64
		Ad-Hoc|x86 = Ad-Hoc|x86
		AppStore|Any CPU = AppStore|Any CPU
		AppStore|ARM = AppStore|ARM
		AppStore|iPhone = AppStore|iPhone
		AppStore|iPhoneSimulator = AppStore|iPhoneSimulator
		AppStore|x64 = AppStore|x64
		AppStore|x86 = AppStore|x86
		Debug|Any CPU = Debug|Any CPU
		Debug|ARM = Debug|ARM
		Debug|iPhone = Debug|iPhone
		Debug|iPhoneSimulator = Debug|iPhoneSimulator
		Debug|x64 = Debug|x64
		Debug|x86 = Debug|x86
		Release|Any CPU = Release|Any CPU
		Release|ARM = Release|ARM
		Release|iPhone = Release|iPhone
		Release|iPhoneSimulator = Release|iPhoneSimulator
		Release|x64 = Release|x64
		Release|x86 = Release|x86
	EndGlobalSection
	GlobalSection(ProjectConfigurationPlatforms) = postSolution
		{34162889-D7EE-4BBA-9605-55DCEF86FDA4}.Ad-Hoc|Any CPU.ActiveCfg = Release|Any CPU
		{34162889-D7EE-4BBA-9605-55DCEF86FDA4}.Ad-Hoc|Any CPU.Build.0 = Release|Any CPU
		{34162889-D7EE-4BBA-9605-55DCEF86FDA4}.Ad-Hoc|Any CPU.Deploy.0 = Release|Any CPU
		{34162889-D7EE-4BBA-9605-55DCEF86FDA4}.Ad-Hoc|ARM.ActiveCfg = Release|Any CPU
		{34162889-D7EE-4BBA-9605-55DCEF86FDA4}.Ad-Hoc|ARM.Build.0 = Release|Any CPU
		{34162889-D7EE-4BBA-9605-55DCEF86FDA4}.Ad-Hoc|ARM.Deploy.0 = Release|Any CPU
		{34162889-D7EE-4BBA-9605-55DCEF86FDA4}.Ad-Hoc|iPhone.ActiveCfg = Release|Any CPU
		{34162889-D7EE-4BBA-9605-55DCEF86FDA4}.Ad-Hoc|iPhone.Build.0 = Release|Any CPU
		{34162889-D7EE-4BBA-9605-55DCEF86FDA4}.Ad-Hoc|iPhone.Deploy.0 = Release|Any CPU
		{34162889-D7EE-4BBA-9605-55DCEF86FDA4}.Ad-Hoc|iPhoneSimulator.ActiveCfg = Release|Any CPU
		{34162889-D7EE-4BBA-9605-55DCEF86FDA4}.Ad-Hoc|iPhoneSimulator.Build.0 = Release|Any CPU
		{34162889-D7EE-4BBA-9605-55DCEF86FDA4}.Ad-Hoc|iPhoneSimulator.Deploy.0 = Release|Any CPU
		{34162889-D7EE-4BBA-9605-55DCEF86FDA4}.Ad-Hoc|x64.ActiveCfg = Release|Any CPU
		{34162889-D7EE-4BBA-9605-55DCEF86FDA4}.Ad-Hoc|x64.Build.0 = Release|Any CPU
		{34162889-D7EE-4BBA-9605-55DCEF86FDA4}.Ad-Hoc|x64.Deploy.0 = Release|Any CPU
		{34162889-D7EE-4BBA-9605-55DCEF86FDA4}.Ad-Hoc|x86.ActiveCfg = Release|Any CPU
		{34162889-D7EE-4BBA-9605-55DCEF86FDA4}.Ad-Hoc|x86.Build.0 = Release|Any CPU
		{34162889-D7EE-4BBA-9605-55DCEF86FDA4}.Ad-Hoc|x86.Deploy.0 = Release|Any CPU
		{34162889-D7EE-4BBA-9605-55DCEF86FDA4}.AppStore|Any CPU.ActiveCfg = Release|Any CPU
		{34162889-D7EE-4BBA-9605-55DCEF86FDA4}.AppStore|Any CPU.Build.0 = Release|Any CPU
		{34162889-D7EE-4BBA-9605-55DCEF86FDA4}.AppStore|Any CPU.Deploy.0 = Release|Any CPU
		{34162889-D7EE-4BBA-9605-55DCEF86FDA4}.AppStore|ARM.ActiveCfg = Release|Any CPU
		{34162889-D7EE-4BBA-9605-55DCEF86FDA4}.AppStore|ARM.Build.0 = Release|Any CPU
		{34162889-D7EE-4BBA-9605-55DCEF86FDA4}.AppStore|ARM.Deploy.0 = Release|Any CPU
		{34162889-D7EE-4BBA-9605-55DCEF86FDA4}.AppStore|iPhone.ActiveCfg = Release|Any CPU
		{34162889-D7EE-4BBA-9605-55DCEF86FDA4}.AppStore|iPhone.Build.0 = Release|Any CPU
		{34162889-D7EE-4BBA-9605-55DCEF86FDA4}.AppStore|iPhone.Deploy.0 = Release|Any CPU
		{34162889-D7EE-4BBA-9605-55DCEF86FDA4}.AppStore|iPhoneSimulator.ActiveCfg = Release|Any CPU
		{34162889-D7EE-4BBA-9605-55DCEF86FDA4}.AppStore|iPhoneSimulator.Build.0 = Release|Any CPU
		{34162889-D7EE-4BBA-9605-55DCEF86FDA4}.AppStore|iPhoneSimulator.Deploy.0 = Release|Any CPU
		{34162889-D7EE-4BBA-9605-55DCEF86FDA4}.AppStore|x64.ActiveCfg = Release|Any CPU
		{34162889-D7EE-4BBA-9605-55DCEF86FDA4}.AppStore|x64.Build.0 = Release|Any CPU
		{34162889-D7EE-4BBA-9605-55DCEF86FDA4}.AppStore|x64.Deploy.0 = Release|Any CPU
		{34162889-D7EE-4BBA-9605-55DCEF86FDA4}.AppStore|x86.ActiveCfg = Release|Any CPU
		{34162889-D7EE-4BBA-9605-55DCEF86FDA4}.AppStore|x86.Build.0 = Release|Any CPU
		{34162889-D7EE-4BBA-9605-55DCEF86FDA4}.AppStore|x86.Deploy.0 = Release|Any CPU
		{34162889-D7EE-4BBA-9605-55DCEF86FDA4}.Debug|Any CPU.ActiveCfg = Debug|Any CPU
		{34162889-D7EE-4BBA-9605-55DCEF86FDA4}.Debug|Any CPU.Build.0 = Debug|Any CPU
		{34162889-D7EE-4BBA-9605-55DCEF86FDA4}.Debug|Any CPU.Deploy.0 = Debug|Any CPU
		{34162889-D7EE-4BBA-9605-55DCEF86FDA4}.Debug|ARM.ActiveCfg = Debug|Any CPU
		{34162889-D7EE-4BBA-9605-55DCEF86FDA4}.Debug|ARM.Build.0 = Debug|Any CPU
		{34162889-D7EE-4BBA-9605-55DCEF86FDA4}.Debug|ARM.Deploy.0 = Debug|Any CPU
		{34162889-D7EE-4BBA-9605-55DCEF86FDA4}.Debug|iPhone.ActiveCfg = Debug|Any CPU
		{34162889-D7EE-4BBA-9605-55DCEF86FDA4}.Debug|iPhone.Build.0 = Debug|Any CPU
		{34162889-D7EE-4BBA-9605-55DCEF86FDA4}.Debug|iPhone.Deploy.0 = Debug|Any CPU
		{34162889-D7EE-4BBA-9605-55DCEF86FDA4}.Debug|iPhoneSimulator.ActiveCfg = Debug|Any CPU
		{34162889-D7EE-4BBA-9605-55DCEF86FDA4}.Debug|iPhoneSimulator.Build.0 = Debug|Any CPU
		{34162889-D7EE-4BBA-9605-55DCEF86FDA4}.Debug|iPhoneSimulator.Deploy.0 = Debug|Any CPU
		{34162889-D7EE-4BBA-9605-55DCEF86FDA4}.Debug|x64.ActiveCfg = Debug|Any CPU
		{34162889-D7EE-4BBA-9605-55DCEF86FDA4}.Debug|x64.Build.0 = Debug|Any CPU
		{34162889-D7EE-4BBA-9605-55DCEF86FDA4}.Debug|x64.Deploy.0 = Debug|Any CPU
		{34162889-D7EE-4BBA-9605-55DCEF86FDA4}.Debug|x86.ActiveCfg = Debug|Any CPU
		{34162889-D7EE-4BBA-9605-55DCEF86FDA4}.Debug|x86.Build.0 = Debug|Any CPU
		{34162889-D7EE-4BBA-9605-55DCEF86FDA4}.Debug|x86.Deploy.0 = Debug|Any CPU
		{34162889-D7EE-4BBA-9605-55DCEF86FDA4}.Release|Any CPU.ActiveCfg = Release|Any CPU
		{34162889-D7EE-4BBA-9605-55DCEF86FDA4}.Release|Any CPU.Build.0 = Release|Any CPU
		{34162889-D7EE-4BBA-9605-55DCEF86FDA4}.Release|Any CPU.Deploy.0 = Release|Any CPU
		{34162889-D7EE-4BBA-9605-55DCEF86FDA4}.Release|ARM.ActiveCfg = Release|Any CPU
		{34162889-D7EE-4BBA-9605-55DCEF86FDA4}.Release|ARM.Build.0 = Release|Any CPU
		{34162889-D7EE-4BBA-9605-55DCEF86FDA4}.Release|ARM.Deploy.0 = Release|Any CPU
		{34162889-D7EE-4BBA-9605-55DCEF86FDA4}.Release|iPhone.ActiveCfg = Release|Any CPU
		{34162889-D7EE-4BBA-9605-55DCEF86FDA4}.Release|iPhone.Build.0 = Release|Any CPU
		{34162889-D7EE-4BBA-9605-55DCEF86FDA4}.Release|iPhone.Deploy.0 = Release|Any CPU
		{34162889-D7EE-4BBA-9605-55DCEF86FDA4}.Release|iPhoneSimulator.ActiveCfg = Release|Any CPU
		{34162889-D7EE-4BBA-9605-55DCEF86FDA4}.Release|iPhoneSimulator.Build.0 = Release|Any CPU
		{34162889-D7EE-4BBA-9605-55DCEF86FDA4}.Release|iPhoneSimulator.Deploy.0 = Release|Any CPU
		{34162889-D7EE-4BBA-9605-55DCEF86FDA4}.Release|x64.ActiveCfg = Release|Any CPU
		{34162889-D7EE-4BBA-9605-55DCEF86FDA4}.Release|x64.Build.0 = Release|Any CPU
		{34162889-D7EE-4BBA-9605-55DCEF86FDA4}.Release|x64.Deploy.0 = Release|Any CPU
		{34162889-D7EE-4BBA-9605-55DCEF86FDA4}.Release|x86.ActiveCfg = Release|Any CPU
		{34162889-D7EE-4BBA-9605-55DCEF86FDA4}.Release|x86.Build.0 = Release|Any CPU
		{34162889-D7EE-4BBA-9605-55DCEF86FDA4}.Release|x86.Deploy.0 = Release|Any CPU
		{57E57DCF-82D9-4EED-8363-EB7A34A26C48}.Ad-Hoc|Any CPU.ActiveCfg = Ad-Hoc|iPhone
		{57E57DCF-82D9-4EED-8363-EB7A34A26C48}.Ad-Hoc|ARM.ActiveCfg = Ad-Hoc|iPhone
		{57E57DCF-82D9-4EED-8363-EB7A34A26C48}.Ad-Hoc|iPhone.ActiveCfg = Ad-Hoc|iPhone
		{57E57DCF-82D9-4EED-8363-EB7A34A26C48}.Ad-Hoc|iPhone.Build.0 = Ad-Hoc|iPhone
		{57E57DCF-82D9-4EED-8363-EB7A34A26C48}.Ad-Hoc|iPhoneSimulator.ActiveCfg = Ad-Hoc|iPhoneSimulator
		{57E57DCF-82D9-4EED-8363-EB7A34A26C48}.Ad-Hoc|iPhoneSimulator.Build.0 = Ad-Hoc|iPhoneSimulator
		{57E57DCF-82D9-4EED-8363-EB7A34A26C48}.Ad-Hoc|x64.ActiveCfg = Ad-Hoc|iPhone
		{57E57DCF-82D9-4EED-8363-EB7A34A26C48}.Ad-Hoc|x86.ActiveCfg = Ad-Hoc|iPhone
		{57E57DCF-82D9-4EED-8363-EB7A34A26C48}.AppStore|Any CPU.ActiveCfg = AppStore|iPhone
		{57E57DCF-82D9-4EED-8363-EB7A34A26C48}.AppStore|ARM.ActiveCfg = AppStore|iPhone
		{57E57DCF-82D9-4EED-8363-EB7A34A26C48}.AppStore|iPhone.ActiveCfg = AppStore|iPhone
		{57E57DCF-82D9-4EED-8363-EB7A34A26C48}.AppStore|iPhone.Build.0 = AppStore|iPhone
		{57E57DCF-82D9-4EED-8363-EB7A34A26C48}.AppStore|iPhoneSimulator.ActiveCfg = AppStore|iPhoneSimulator
		{57E57DCF-82D9-4EED-8363-EB7A34A26C48}.AppStore|iPhoneSimulator.Build.0 = AppStore|iPhoneSimulator
		{57E57DCF-82D9-4EED-8363-EB7A34A26C48}.AppStore|x64.ActiveCfg = AppStore|iPhone
		{57E57DCF-82D9-4EED-8363-EB7A34A26C48}.AppStore|x86.ActiveCfg = AppStore|iPhone
		{57E57DCF-82D9-4EED-8363-EB7A34A26C48}.Debug|Any CPU.ActiveCfg = Debug|iPhone
		{57E57DCF-82D9-4EED-8363-EB7A34A26C48}.Debug|ARM.ActiveCfg = Debug|iPhone
		{57E57DCF-82D9-4EED-8363-EB7A34A26C48}.Debug|iPhone.ActiveCfg = Debug|iPhone
		{57E57DCF-82D9-4EED-8363-EB7A34A26C48}.Debug|iPhone.Build.0 = Debug|iPhone
		{57E57DCF-82D9-4EED-8363-EB7A34A26C48}.Debug|iPhoneSimulator.ActiveCfg = Debug|iPhoneSimulator
		{57E57DCF-82D9-4EED-8363-EB7A34A26C48}.Debug|iPhoneSimulator.Build.0 = Debug|iPhoneSimulator
		{57E57DCF-82D9-4EED-8363-EB7A34A26C48}.Debug|x64.ActiveCfg = Debug|iPhone
		{57E57DCF-82D9-4EED-8363-EB7A34A26C48}.Debug|x86.ActiveCfg = Debug|iPhone
		{57E57DCF-82D9-4EED-8363-EB7A34A26C48}.Release|Any CPU.ActiveCfg = Release|iPhone
		{57E57DCF-82D9-4EED-8363-EB7A34A26C48}.Release|ARM.ActiveCfg = Release|iPhone
		{57E57DCF-82D9-4EED-8363-EB7A34A26C48}.Release|iPhone.ActiveCfg = Release|iPhone
		{57E57DCF-82D9-4EED-8363-EB7A34A26C48}.Release|iPhone.Build.0 = Release|iPhone
		{57E57DCF-82D9-4EED-8363-EB7A34A26C48}.Release|iPhoneSimulator.ActiveCfg = Release|iPhoneSimulator
		{57E57DCF-82D9-4EED-8363-EB7A34A26C48}.Release|iPhoneSimulator.Build.0 = Release|iPhoneSimulator
		{57E57DCF-82D9-4EED-8363-EB7A34A26C48}.Release|x64.ActiveCfg = Release|iPhone
		{57E57DCF-82D9-4EED-8363-EB7A34A26C48}.Release|x86.ActiveCfg = Release|iPhone
		{69468CBC-1E2C-4B63-8E43-F41BF9FAAC9D}.Ad-Hoc|Any CPU.ActiveCfg = Release|Any CPU
		{69468CBC-1E2C-4B63-8E43-F41BF9FAAC9D}.Ad-Hoc|Any CPU.Build.0 = Release|Any CPU
		{69468CBC-1E2C-4B63-8E43-F41BF9FAAC9D}.Ad-Hoc|Any CPU.Deploy.0 = Release|Any CPU
		{69468CBC-1E2C-4B63-8E43-F41BF9FAAC9D}.Ad-Hoc|ARM.ActiveCfg = Release|ARM
		{69468CBC-1E2C-4B63-8E43-F41BF9FAAC9D}.Ad-Hoc|ARM.Build.0 = Release|ARM
		{69468CBC-1E2C-4B63-8E43-F41BF9FAAC9D}.Ad-Hoc|ARM.Deploy.0 = Release|ARM
		{69468CBC-1E2C-4B63-8E43-F41BF9FAAC9D}.Ad-Hoc|iPhone.ActiveCfg = Release|Any CPU
		{69468CBC-1E2C-4B63-8E43-F41BF9FAAC9D}.Ad-Hoc|iPhone.Build.0 = Release|Any CPU
		{69468CBC-1E2C-4B63-8E43-F41BF9FAAC9D}.Ad-Hoc|iPhone.Deploy.0 = Release|Any CPU
		{69468CBC-1E2C-4B63-8E43-F41BF9FAAC9D}.Ad-Hoc|iPhoneSimulator.ActiveCfg = Release|Any CPU
		{69468CBC-1E2C-4B63-8E43-F41BF9FAAC9D}.Ad-Hoc|iPhoneSimulator.Build.0 = Release|Any CPU
		{69468CBC-1E2C-4B63-8E43-F41BF9FAAC9D}.Ad-Hoc|iPhoneSimulator.Deploy.0 = Release|Any CPU
		{69468CBC-1E2C-4B63-8E43-F41BF9FAAC9D}.Ad-Hoc|x64.ActiveCfg = Release|Any CPU
		{69468CBC-1E2C-4B63-8E43-F41BF9FAAC9D}.Ad-Hoc|x64.Build.0 = Release|Any CPU
		{69468CBC-1E2C-4B63-8E43-F41BF9FAAC9D}.Ad-Hoc|x64.Deploy.0 = Release|Any CPU
		{69468CBC-1E2C-4B63-8E43-F41BF9FAAC9D}.Ad-Hoc|x86.ActiveCfg = Release|x86
		{69468CBC-1E2C-4B63-8E43-F41BF9FAAC9D}.Ad-Hoc|x86.Build.0 = Release|x86
		{69468CBC-1E2C-4B63-8E43-F41BF9FAAC9D}.Ad-Hoc|x86.Deploy.0 = Release|x86
		{69468CBC-1E2C-4B63-8E43-F41BF9FAAC9D}.AppStore|Any CPU.ActiveCfg = Release|Any CPU
		{69468CBC-1E2C-4B63-8E43-F41BF9FAAC9D}.AppStore|Any CPU.Build.0 = Release|Any CPU
		{69468CBC-1E2C-4B63-8E43-F41BF9FAAC9D}.AppStore|Any CPU.Deploy.0 = Release|Any CPU
		{69468CBC-1E2C-4B63-8E43-F41BF9FAAC9D}.AppStore|ARM.ActiveCfg = Release|ARM
		{69468CBC-1E2C-4B63-8E43-F41BF9FAAC9D}.AppStore|ARM.Build.0 = Release|ARM
		{69468CBC-1E2C-4B63-8E43-F41BF9FAAC9D}.AppStore|ARM.Deploy.0 = Release|ARM
		{69468CBC-1E2C-4B63-8E43-F41BF9FAAC9D}.AppStore|iPhone.ActiveCfg = Release|Any CPU
		{69468CBC-1E2C-4B63-8E43-F41BF9FAAC9D}.AppStore|iPhone.Build.0 = Release|Any CPU
		{69468CBC-1E2C-4B63-8E43-F41BF9FAAC9D}.AppStore|iPhone.Deploy.0 = Release|Any CPU
		{69468CBC-1E2C-4B63-8E43-F41BF9FAAC9D}.AppStore|iPhoneSimulator.ActiveCfg = Release|Any CPU
		{69468CBC-1E2C-4B63-8E43-F41BF9FAAC9D}.AppStore|iPhoneSimulator.Build.0 = Release|Any CPU
		{69468CBC-1E2C-4B63-8E43-F41BF9FAAC9D}.AppStore|iPhoneSimulator.Deploy.0 = Release|Any CPU
		{69468CBC-1E2C-4B63-8E43-F41BF9FAAC9D}.AppStore|x64.ActiveCfg = Release|Any CPU
		{69468CBC-1E2C-4B63-8E43-F41BF9FAAC9D}.AppStore|x64.Build.0 = Release|Any CPU
		{69468CBC-1E2C-4B63-8E43-F41BF9FAAC9D}.AppStore|x64.Deploy.0 = Release|Any CPU
		{69468CBC-1E2C-4B63-8E43-F41BF9FAAC9D}.AppStore|x86.ActiveCfg = Release|x86
		{69468CBC-1E2C-4B63-8E43-F41BF9FAAC9D}.AppStore|x86.Build.0 = Release|x86
		{69468CBC-1E2C-4B63-8E43-F41BF9FAAC9D}.AppStore|x86.Deploy.0 = Release|x86
		{69468CBC-1E2C-4B63-8E43-F41BF9FAAC9D}.Debug|Any CPU.ActiveCfg = Debug|Any CPU
		{69468CBC-1E2C-4B63-8E43-F41BF9FAAC9D}.Debug|Any CPU.Build.0 = Debug|Any CPU
		{69468CBC-1E2C-4B63-8E43-F41BF9FAAC9D}.Debug|Any CPU.Deploy.0 = Debug|Any CPU
		{69468CBC-1E2C-4B63-8E43-F41BF9FAAC9D}.Debug|ARM.ActiveCfg = Debug|ARM
		{69468CBC-1E2C-4B63-8E43-F41BF9FAAC9D}.Debug|ARM.Build.0 = Debug|ARM
		{69468CBC-1E2C-4B63-8E43-F41BF9FAAC9D}.Debug|ARM.Deploy.0 = Debug|ARM
		{69468CBC-1E2C-4B63-8E43-F41BF9FAAC9D}.Debug|iPhone.ActiveCfg = Debug|Any CPU
		{69468CBC-1E2C-4B63-8E43-F41BF9FAAC9D}.Debug|iPhone.Build.0 = Debug|Any CPU
		{69468CBC-1E2C-4B63-8E43-F41BF9FAAC9D}.Debug|iPhone.Deploy.0 = Debug|Any CPU
		{69468CBC-1E2C-4B63-8E43-F41BF9FAAC9D}.Debug|iPhoneSimulator.ActiveCfg = Debug|Any CPU
		{69468CBC-1E2C-4B63-8E43-F41BF9FAAC9D}.Debug|iPhoneSimulator.Build.0 = Debug|Any CPU
		{69468CBC-1E2C-4B63-8E43-F41BF9FAAC9D}.Debug|iPhoneSimulator.Deploy.0 = Debug|Any CPU
		{69468CBC-1E2C-4B63-8E43-F41BF9FAAC9D}.Debug|x64.ActiveCfg = Debug|Any CPU
		{69468CBC-1E2C-4B63-8E43-F41BF9FAAC9D}.Debug|x64.Build.0 = Debug|Any CPU
		{69468CBC-1E2C-4B63-8E43-F41BF9FAAC9D}.Debug|x64.Deploy.0 = Debug|Any CPU
		{69468CBC-1E2C-4B63-8E43-F41BF9FAAC9D}.Debug|x86.ActiveCfg = Debug|x86
		{69468CBC-1E2C-4B63-8E43-F41BF9FAAC9D}.Debug|x86.Build.0 = Debug|x86
		{69468CBC-1E2C-4B63-8E43-F41BF9FAAC9D}.Debug|x86.Deploy.0 = Debug|x86
		{69468CBC-1E2C-4B63-8E43-F41BF9FAAC9D}.Release|Any CPU.ActiveCfg = Release|Any CPU
		{69468CBC-1E2C-4B63-8E43-F41BF9FAAC9D}.Release|Any CPU.Build.0 = Release|Any CPU
		{69468CBC-1E2C-4B63-8E43-F41BF9FAAC9D}.Release|Any CPU.Deploy.0 = Release|Any CPU
		{69468CBC-1E2C-4B63-8E43-F41BF9FAAC9D}.Release|ARM.ActiveCfg = Release|ARM
		{69468CBC-1E2C-4B63-8E43-F41BF9FAAC9D}.Release|ARM.Build.0 = Release|ARM
		{69468CBC-1E2C-4B63-8E43-F41BF9FAAC9D}.Release|ARM.Deploy.0 = Release|ARM
		{69468CBC-1E2C-4B63-8E43-F41BF9FAAC9D}.Release|iPhone.ActiveCfg = Release|Any CPU
		{69468CBC-1E2C-4B63-8E43-F41BF9FAAC9D}.Release|iPhone.Build.0 = Release|Any CPU
		{69468CBC-1E2C-4B63-8E43-F41BF9FAAC9D}.Release|iPhone.Deploy.0 = Release|Any CPU
		{69468CBC-1E2C-4B63-8E43-F41BF9FAAC9D}.Release|iPhoneSimulator.ActiveCfg = Release|Any CPU
		{69468CBC-1E2C-4B63-8E43-F41BF9FAAC9D}.Release|iPhoneSimulator.Build.0 = Release|Any CPU
		{69468CBC-1E2C-4B63-8E43-F41BF9FAAC9D}.Release|iPhoneSimulator.Deploy.0 = Release|Any CPU
		{69468CBC-1E2C-4B63-8E43-F41BF9FAAC9D}.Release|x64.ActiveCfg = Release|Any CPU
		{69468CBC-1E2C-4B63-8E43-F41BF9FAAC9D}.Release|x64.Build.0 = Release|Any CPU
		{69468CBC-1E2C-4B63-8E43-F41BF9FAAC9D}.Release|x64.Deploy.0 = Release|Any CPU
		{69468CBC-1E2C-4B63-8E43-F41BF9FAAC9D}.Release|x86.ActiveCfg = Release|x86
		{69468CBC-1E2C-4B63-8E43-F41BF9FAAC9D}.Release|x86.Build.0 = Release|x86
		{69468CBC-1E2C-4B63-8E43-F41BF9FAAC9D}.Release|x86.Deploy.0 = Release|x86
		{AA051530-4E1B-4461-B9D3-CA1CE180F7AD}.Ad-Hoc|Any CPU.ActiveCfg = Release|x86
		{AA051530-4E1B-4461-B9D3-CA1CE180F7AD}.Ad-Hoc|Any CPU.Build.0 = Release|x86
		{AA051530-4E1B-4461-B9D3-CA1CE180F7AD}.Ad-Hoc|Any CPU.Deploy.0 = Release|x86
		{AA051530-4E1B-4461-B9D3-CA1CE180F7AD}.Ad-Hoc|ARM.ActiveCfg = Release|ARM
		{AA051530-4E1B-4461-B9D3-CA1CE180F7AD}.Ad-Hoc|ARM.Build.0 = Release|ARM
		{AA051530-4E1B-4461-B9D3-CA1CE180F7AD}.Ad-Hoc|ARM.Deploy.0 = Release|ARM
		{AA051530-4E1B-4461-B9D3-CA1CE180F7AD}.Ad-Hoc|iPhone.ActiveCfg = Release|x86
		{AA051530-4E1B-4461-B9D3-CA1CE180F7AD}.Ad-Hoc|iPhone.Build.0 = Release|x86
		{AA051530-4E1B-4461-B9D3-CA1CE180F7AD}.Ad-Hoc|iPhone.Deploy.0 = Release|x86
		{AA051530-4E1B-4461-B9D3-CA1CE180F7AD}.Ad-Hoc|iPhoneSimulator.ActiveCfg = Release|x86
		{AA051530-4E1B-4461-B9D3-CA1CE180F7AD}.Ad-Hoc|iPhoneSimulator.Build.0 = Release|x86
		{AA051530-4E1B-4461-B9D3-CA1CE180F7AD}.Ad-Hoc|iPhoneSimulator.Deploy.0 = Release|x86
		{AA051530-4E1B-4461-B9D3-CA1CE180F7AD}.Ad-Hoc|x64.ActiveCfg = Release|x64
		{AA051530-4E1B-4461-B9D3-CA1CE180F7AD}.Ad-Hoc|x64.Build.0 = Release|x64
		{AA051530-4E1B-4461-B9D3-CA1CE180F7AD}.Ad-Hoc|x64.Deploy.0 = Release|x64
		{AA051530-4E1B-4461-B9D3-CA1CE180F7AD}.Ad-Hoc|x86.ActiveCfg = Release|x86
		{AA051530-4E1B-4461-B9D3-CA1CE180F7AD}.Ad-Hoc|x86.Build.0 = Release|x86
		{AA051530-4E1B-4461-B9D3-CA1CE180F7AD}.Ad-Hoc|x86.Deploy.0 = Release|x86
		{AA051530-4E1B-4461-B9D3-CA1CE180F7AD}.AppStore|Any CPU.ActiveCfg = Release|x86
		{AA051530-4E1B-4461-B9D3-CA1CE180F7AD}.AppStore|Any CPU.Build.0 = Release|x86
		{AA051530-4E1B-4461-B9D3-CA1CE180F7AD}.AppStore|Any CPU.Deploy.0 = Release|x86
		{AA051530-4E1B-4461-B9D3-CA1CE180F7AD}.AppStore|ARM.ActiveCfg = Release|ARM
		{AA051530-4E1B-4461-B9D3-CA1CE180F7AD}.AppStore|ARM.Build.0 = Release|ARM
		{AA051530-4E1B-4461-B9D3-CA1CE180F7AD}.AppStore|ARM.Deploy.0 = Release|ARM
		{AA051530-4E1B-4461-B9D3-CA1CE180F7AD}.AppStore|iPhone.ActiveCfg = Release|x86
		{AA051530-4E1B-4461-B9D3-CA1CE180F7AD}.AppStore|iPhone.Build.0 = Release|x86
		{AA051530-4E1B-4461-B9D3-CA1CE180F7AD}.AppStore|iPhone.Deploy.0 = Release|x86
		{AA051530-4E1B-4461-B9D3-CA1CE180F7AD}.AppStore|iPhoneSimulator.ActiveCfg = Release|x86
		{AA051530-4E1B-4461-B9D3-CA1CE180F7AD}.AppStore|iPhoneSimulator.Build.0 = Release|x86
		{AA051530-4E1B-4461-B9D3-CA1CE180F7AD}.AppStore|iPhoneSimulator.Deploy.0 = Release|x86
		{AA051530-4E1B-4461-B9D3-CA1CE180F7AD}.AppStore|x64.ActiveCfg = Release|x64
		{AA051530-4E1B-4461-B9D3-CA1CE180F7AD}.AppStore|x64.Build.0 = Release|x64
		{AA051530-4E1B-4461-B9D3-CA1CE180F7AD}.AppStore|x64.Deploy.0 = Release|x64
		{AA051530-4E1B-4461-B9D3-CA1CE180F7AD}.AppStore|x86.ActiveCfg = Release|x86
		{AA051530-4E1B-4461-B9D3-CA1CE180F7AD}.AppStore|x86.Build.0 = Release|x86
		{AA051530-4E1B-4461-B9D3-CA1CE180F7AD}.AppStore|x86.Deploy.0 = Release|x86
		{AA051530-4E1B-4461-B9D3-CA1CE180F7AD}.Debug|Any CPU.ActiveCfg = Debug|x86
		{AA051530-4E1B-4461-B9D3-CA1CE180F7AD}.Debug|ARM.ActiveCfg = Debug|ARM
		{AA051530-4E1B-4461-B9D3-CA1CE180F7AD}.Debug|ARM.Build.0 = Debug|ARM
		{AA051530-4E1B-4461-B9D3-CA1CE180F7AD}.Debug|ARM.Deploy.0 = Debug|ARM
		{AA051530-4E1B-4461-B9D3-CA1CE180F7AD}.Debug|iPhone.ActiveCfg = Debug|x86
		{AA051530-4E1B-4461-B9D3-CA1CE180F7AD}.Debug|iPhoneSimulator.ActiveCfg = Debug|x86
		{AA051530-4E1B-4461-B9D3-CA1CE180F7AD}.Debug|x64.ActiveCfg = Debug|x64
		{AA051530-4E1B-4461-B9D3-CA1CE180F7AD}.Debug|x64.Build.0 = Debug|x64
		{AA051530-4E1B-4461-B9D3-CA1CE180F7AD}.Debug|x64.Deploy.0 = Debug|x64
		{AA051530-4E1B-4461-B9D3-CA1CE180F7AD}.Debug|x86.ActiveCfg = Debug|x86
		{AA051530-4E1B-4461-B9D3-CA1CE180F7AD}.Debug|x86.Build.0 = Debug|x86
		{AA051530-4E1B-4461-B9D3-CA1CE180F7AD}.Debug|x86.Deploy.0 = Debug|x86
		{AA051530-4E1B-4461-B9D3-CA1CE180F7AD}.Release|Any CPU.ActiveCfg = Release|x86
		{AA051530-4E1B-4461-B9D3-CA1CE180F7AD}.Release|ARM.ActiveCfg = Release|ARM
		{AA051530-4E1B-4461-B9D3-CA1CE180F7AD}.Release|ARM.Build.0 = Release|ARM
		{AA051530-4E1B-4461-B9D3-CA1CE180F7AD}.Release|ARM.Deploy.0 = Release|ARM
		{AA051530-4E1B-4461-B9D3-CA1CE180F7AD}.Release|iPhone.ActiveCfg = Release|x86
		{AA051530-4E1B-4461-B9D3-CA1CE180F7AD}.Release|iPhoneSimulator.ActiveCfg = Release|x86
		{AA051530-4E1B-4461-B9D3-CA1CE180F7AD}.Release|x64.ActiveCfg = Release|x64
		{AA051530-4E1B-4461-B9D3-CA1CE180F7AD}.Release|x64.Build.0 = Release|x64
		{AA051530-4E1B-4461-B9D3-CA1CE180F7AD}.Release|x64.Deploy.0 = Release|x64
		{AA051530-4E1B-4461-B9D3-CA1CE180F7AD}.Release|x86.ActiveCfg = Release|x86
		{AA051530-4E1B-4461-B9D3-CA1CE180F7AD}.Release|x86.Build.0 = Release|x86
		{AA051530-4E1B-4461-B9D3-CA1CE180F7AD}.Release|x86.Deploy.0 = Release|x86
		{43BD3960-D286-48E4-B458-C74EBC506600}.Ad-Hoc|Any CPU.ActiveCfg = Release|Any CPU
		{43BD3960-D286-48E4-B458-C74EBC506600}.Ad-Hoc|Any CPU.Build.0 = Release|Any CPU
		{43BD3960-D286-48E4-B458-C74EBC506600}.Ad-Hoc|Any CPU.Deploy.0 = Release|Any CPU
		{43BD3960-D286-48E4-B458-C74EBC506600}.Ad-Hoc|ARM.ActiveCfg = Release|ARM
		{43BD3960-D286-48E4-B458-C74EBC506600}.Ad-Hoc|ARM.Build.0 = Release|ARM
		{43BD3960-D286-48E4-B458-C74EBC506600}.Ad-Hoc|ARM.Deploy.0 = Release|ARM
		{43BD3960-D286-48E4-B458-C74EBC506600}.Ad-Hoc|iPhone.ActiveCfg = Release|Any CPU
		{43BD3960-D286-48E4-B458-C74EBC506600}.Ad-Hoc|iPhone.Build.0 = Release|Any CPU
		{43BD3960-D286-48E4-B458-C74EBC506600}.Ad-Hoc|iPhone.Deploy.0 = Release|Any CPU
		{43BD3960-D286-48E4-B458-C74EBC506600}.Ad-Hoc|iPhoneSimulator.ActiveCfg = Release|Any CPU
		{43BD3960-D286-48E4-B458-C74EBC506600}.Ad-Hoc|iPhoneSimulator.Build.0 = Release|Any CPU
		{43BD3960-D286-48E4-B458-C74EBC506600}.Ad-Hoc|iPhoneSimulator.Deploy.0 = Release|Any CPU
		{43BD3960-D286-48E4-B458-C74EBC506600}.Ad-Hoc|x64.ActiveCfg = Release|x64
		{43BD3960-D286-48E4-B458-C74EBC506600}.Ad-Hoc|x64.Build.0 = Release|x64
		{43BD3960-D286-48E4-B458-C74EBC506600}.Ad-Hoc|x64.Deploy.0 = Release|x64
		{43BD3960-D286-48E4-B458-C74EBC506600}.Ad-Hoc|x86.ActiveCfg = Release|x86
		{43BD3960-D286-48E4-B458-C74EBC506600}.Ad-Hoc|x86.Build.0 = Release|x86
		{43BD3960-D286-48E4-B458-C74EBC506600}.Ad-Hoc|x86.Deploy.0 = Release|x86
		{43BD3960-D286-48E4-B458-C74EBC506600}.AppStore|Any CPU.ActiveCfg = Release|Any CPU
		{43BD3960-D286-48E4-B458-C74EBC506600}.AppStore|Any CPU.Build.0 = Release|Any CPU
		{43BD3960-D286-48E4-B458-C74EBC506600}.AppStore|Any CPU.Deploy.0 = Release|Any CPU
		{43BD3960-D286-48E4-B458-C74EBC506600}.AppStore|ARM.ActiveCfg = Release|ARM
		{43BD3960-D286-48E4-B458-C74EBC506600}.AppStore|ARM.Build.0 = Release|ARM
		{43BD3960-D286-48E4-B458-C74EBC506600}.AppStore|ARM.Deploy.0 = Release|ARM
		{43BD3960-D286-48E4-B458-C74EBC506600}.AppStore|iPhone.ActiveCfg = Release|Any CPU
		{43BD3960-D286-48E4-B458-C74EBC506600}.AppStore|iPhone.Build.0 = Release|Any CPU
		{43BD3960-D286-48E4-B458-C74EBC506600}.AppStore|iPhone.Deploy.0 = Release|Any CPU
		{43BD3960-D286-48E4-B458-C74EBC506600}.AppStore|iPhoneSimulator.ActiveCfg = Release|Any CPU
		{43BD3960-D286-48E4-B458-C74EBC506600}.AppStore|iPhoneSimulator.Build.0 = Release|Any CPU
		{43BD3960-D286-48E4-B458-C74EBC506600}.AppStore|iPhoneSimulator.Deploy.0 = Release|Any CPU
		{43BD3960-D286-48E4-B458-C74EBC506600}.AppStore|x64.ActiveCfg = Release|x64
		{43BD3960-D286-48E4-B458-C74EBC506600}.AppStore|x64.Build.0 = Release|x64
		{43BD3960-D286-48E4-B458-C74EBC506600}.AppStore|x64.Deploy.0 = Release|x64
		{43BD3960-D286-48E4-B458-C74EBC506600}.AppStore|x86.ActiveCfg = Release|x86
		{43BD3960-D286-48E4-B458-C74EBC506600}.AppStore|x86.Build.0 = Release|x86
		{43BD3960-D286-48E4-B458-C74EBC506600}.AppStore|x86.Deploy.0 = Release|x86
		{43BD3960-D286-48E4-B458-C74EBC506600}.Debug|Any CPU.ActiveCfg = Debug|Any CPU
		{43BD3960-D286-48E4-B458-C74EBC506600}.Debug|Any CPU.Build.0 = Debug|Any CPU
		{43BD3960-D286-48E4-B458-C74EBC506600}.Debug|Any CPU.Deploy.0 = Debug|Any CPU
		{43BD3960-D286-48E4-B458-C74EBC506600}.Debug|ARM.ActiveCfg = Debug|ARM
		{43BD3960-D286-48E4-B458-C74EBC506600}.Debug|ARM.Build.0 = Debug|ARM
		{43BD3960-D286-48E4-B458-C74EBC506600}.Debug|ARM.Deploy.0 = Debug|ARM
		{43BD3960-D286-48E4-B458-C74EBC506600}.Debug|iPhone.ActiveCfg = Debug|Any CPU
		{43BD3960-D286-48E4-B458-C74EBC506600}.Debug|iPhone.Build.0 = Debug|Any CPU
		{43BD3960-D286-48E4-B458-C74EBC506600}.Debug|iPhone.Deploy.0 = Debug|Any CPU
		{43BD3960-D286-48E4-B458-C74EBC506600}.Debug|iPhoneSimulator.ActiveCfg = Debug|Any CPU
		{43BD3960-D286-48E4-B458-C74EBC506600}.Debug|iPhoneSimulator.Build.0 = Debug|Any CPU
		{43BD3960-D286-48E4-B458-C74EBC506600}.Debug|iPhoneSimulator.Deploy.0 = Debug|Any CPU
		{43BD3960-D286-48E4-B458-C74EBC506600}.Debug|x64.ActiveCfg = Debug|x64
		{43BD3960-D286-48E4-B458-C74EBC506600}.Debug|x64.Build.0 = Debug|x64
		{43BD3960-D286-48E4-B458-C74EBC506600}.Debug|x64.Deploy.0 = Debug|x64
		{43BD3960-D286-48E4-B458-C74EBC506600}.Debug|x86.ActiveCfg = Debug|x86
		{43BD3960-D286-48E4-B458-C74EBC506600}.Debug|x86.Build.0 = Debug|x86
		{43BD3960-D286-48E4-B458-C74EBC506600}.Debug|x86.Deploy.0 = Debug|x86
		{43BD3960-D286-48E4-B458-C74EBC506600}.Release|Any CPU.ActiveCfg = Release|Any CPU
		{43BD3960-D286-48E4-B458-C74EBC506600}.Release|Any CPU.Build.0 = Release|Any CPU
		{43BD3960-D286-48E4-B458-C74EBC506600}.Release|Any CPU.Deploy.0 = Release|Any CPU
		{43BD3960-D286-48E4-B458-C74EBC506600}.Release|ARM.ActiveCfg = Release|ARM
		{43BD3960-D286-48E4-B458-C74EBC506600}.Release|ARM.Build.0 = Release|ARM
		{43BD3960-D286-48E4-B458-C74EBC506600}.Release|ARM.Deploy.0 = Release|ARM
		{43BD3960-D286-48E4-B458-C74EBC506600}.Release|iPhone.ActiveCfg = Release|Any CPU
		{43BD3960-D286-48E4-B458-C74EBC506600}.Release|iPhone.Build.0 = Release|Any CPU
		{43BD3960-D286-48E4-B458-C74EBC506600}.Release|iPhone.Deploy.0 = Release|Any CPU
		{43BD3960-D286-48E4-B458-C74EBC506600}.Release|iPhoneSimulator.ActiveCfg = Release|Any CPU
		{43BD3960-D286-48E4-B458-C74EBC506600}.Release|iPhoneSimulator.Build.0 = Release|Any CPU
		{43BD3960-D286-48E4-B458-C74EBC506600}.Release|iPhoneSimulator.Deploy.0 = Release|Any CPU
		{43BD3960-D286-48E4-B458-C74EBC506600}.Release|x64.ActiveCfg = Release|x64
		{43BD3960-D286-48E4-B458-C74EBC506600}.Release|x64.Build.0 = Release|x64
		{43BD3960-D286-48E4-B458-C74EBC506600}.Release|x64.Deploy.0 = Release|x64
		{43BD3960-D286-48E4-B458-C74EBC506600}.Release|x86.ActiveCfg = Release|x86
		{43BD3960-D286-48E4-B458-C74EBC506600}.Release|x86.Build.0 = Release|x86
		{43BD3960-D286-48E4-B458-C74EBC506600}.Release|x86.Deploy.0 = Release|x86
	EndGlobalSection
	GlobalSection(SolutionProperties) = preSolution
		HideSolutionNode = FALSE
	EndGlobalSection
EndGlobal
